
Microsoft Visual Studio Solution File, Format Version 12.00
# Visual Studio Version 16
VisualStudioVersion = 16.0.31213.239
MinimumVisualStudioVersion = 10.0.40219.1
Project("{FAE04EC0-301F-11D3-BF4B-00C04F79EFBC}") = "LemitApiClient", "LemitApiClient\LemitApiClient.csproj", "{DD0836D4-5795-4FE2-B257-771F31AA5B4F}"
EndProject
Global
	GlobalSection(SolutionConfigurationPlatforms) = preSolution
		Debug|Any CPU = Debug|Any CPU
		Release|Any CPU = Release|Any CPU
	EndGlobalSection
	GlobalSection(ProjectConfigurationPlatforms) = postSolution
		{DD0836D4-5795-4FE2-B257-771F31AA5B4F}.Debug|Any CPU.ActiveCfg = Debug|Any CPU
		{DD0836D4-5795-4FE2-B257-771F31AA5B4F}.Debug|Any CPU.Build.0 = Debug|Any CPU
		{DD0836D4-5795-4FE2-B257-771F31AA5B4F}.Release|Any CPU.ActiveCfg = Release|Any CPU
		{DD0836D4-5795-4FE2-B257-771F31AA5B4F}.Release|Any CPU.Build.0 = Release|Any CPU
	EndGlobalSection
	GlobalSection(SolutionProperties) = preSolution
		HideSolutionNode = FALSE
	EndGlobalSection
	GlobalSection(ExtensibilityGlobals) = postSolution
		SolutionGuid = {ABA2EAE8-DDC7-442F-A515-4284815F3682}
	EndGlobalSection
EndGlobal
